// !$*UTF8*$!
{
	archiveVersion = 1;
	classes = {
	};
	objectVersion = 50;
	objects = {

/* Begin PBXBuildFile section */
		41DD5E2425996A6C00533965 /* AppDelegate.swift in Sources */ = {isa = PBXBuildFile; fileRef = 41DD5E2325996A6C00533965 /* AppDelegate.swift */; };
		41DD5E2625996A6C00533965 /* ViewController.swift in Sources */ = {isa = PBXBuildFile; fileRef = 41DD5E2525996A6C00533965 /* ViewController.swift */; };
		41DD5E2825996A6D00533965 /* Assets.xcassets in Resources */ = {isa = PBXBuildFile; fileRef = 41DD5E2725996A6D00533965 /* Assets.xcassets */; };
		41DD5E2B25996A6D00533965 /* Main.storyboard in Resources */ = {isa = PBXBuildFile; fileRef = 41DD5E2925996A6D00533965 /* Main.storyboard */; };
		41DD5E362599711600533965 /* Setting.plist in Resources */ = {isa = PBXBuildFile; fileRef = 41DD5E352599711600533965 /* Setting.plist */; };
		41DD5E412599740F00533965 /* InfoPlist.strings in Resources */ = {isa = PBXBuildFile; fileRef = 41DD5E432599740F00533965 /* InfoPlist.strings */; };
		41DD5E4A2599782C00533965 /* SettingInfo.swift in Sources */ = {isa = PBXBuildFile; fileRef = 41DD5E492599782C00533965 /* SettingInfo.swift */; };
		41DD5E5525997A3C00533965 /* SwitchLanguageUtil.swift in Sources */ = {isa = PBXBuildFile; fileRef = 41DD5E5425997A3C00533965 /* SwitchLanguageUtil.swift */; };
/* End PBXBuildFile section */

/* Begin PBXFileReference section */
		41DD5E2025996A6C00533965 /* multilingual.app */ = {isa = PBXFileReference; explicitFileType = wrapper.application; includeInIndex = 0; path = multilingual.app; sourceTree = BUILT_PRODUCTS_DIR; };
		41DD5E2325996A6C00533965 /* AppDelegate.swift */ = {isa = PBXFileReference; lastKnownFileType = sourcecode.swift; path = AppDelegate.swift; sourceTree = "<group>"; };
		41DD5E2525996A6C00533965 /* ViewController.swift */ = {isa = PBXFileReference; lastKnownFileType = sourcecode.swift; path = ViewController.swift; sourceTree = "<group>"; };
		41DD5E2725996A6D00533965 /* Assets.xcassets */ = {isa = PBXFileReference; lastKnownFileType = folder.assetcatalog; path = Assets.xcassets; sourceTree = "<group>"; };
		41DD5E2C25996A6D00533965 /* Info.plist */ = {isa = PBXFileReference; lastKnownFileType = text.plist.xml; path = Info.plist; sourceTree = "<group>"; };
		41DD5E2D25996A6D00533965 /* multilingual.entitlements */ = {isa = PBXFileReference; lastKnownFileType = text.plist.entitlements; path = multilingual.entitlements; sourceTree = "<group>"; };
		41DD5E352599711600533965 /* Setting.plist */ = {isa = PBXFileReference; lastKnownFileType = text.plist.xml; path = Setting.plist; sourceTree = "<group>"; };
		41DD5E3D2599737A00533965 /* Base */ = {isa = PBXFileReference; lastKnownFileType = file.storyboard; name = Base; path = Base.lproj/Main.storyboard; sourceTree = "<group>"; };
		41DD5E422599740F00533965 /* en */ = {isa = PBXFileReference; lastKnownFileType = text.plist.strings; name = en; path = en.lproj/InfoPlist.strings; sourceTree = "<group>"; };
		41DD5E492599782C00533965 /* SettingInfo.swift */ = {isa = PBXFileReference; lastKnownFileType = sourcecode.swift; path = SettingInfo.swift; sourceTree = "<group>"; };
		41DD5E5425997A3C00533965 /* SwitchLanguageUtil.swift */ = {isa = PBXFileReference; lastKnownFileType = sourcecode.swift; path = SwitchLanguageUtil.swift; sourceTree = "<group>"; };
		41FF9AEC259B35F5007D50C9 /* zh-Hans */ = {isa = PBXFileReference; lastKnownFileType = text.plist.strings; name = "zh-Hans"; path = "zh-Hans.lproj/Main.strings"; sourceTree = "<group>"; };
		41FF9AED259B35FE007D50C9 /* ja */ = {isa = PBXFileReference; lastKnownFileType = text.plist.strings; name = ja; path = ja.lproj/Main.strings; sourceTree = "<group>"; };
		41FF9AEE259B361F007D50C9 /* zh-Hans */ = {isa = PBXFileReference; lastKnownFileType = text.plist.strings; name = "zh-Hans"; path = "zh-Hans.lproj/InfoPlist.strings"; sourceTree = "<group>"; };
		41FF9AEF259B3622007D50C9 /* ja */ = {isa = PBXFileReference; lastKnownFileType = text.plist.strings; name = ja; path = ja.lproj/InfoPlist.strings; sourceTree = "<group>"; };
/* End PBXFileReference section */

/* Begin PBXFrameworksBuildPhase section */
		41DD5E1D25996A6C00533965 /* Frameworks */ = {
			isa = PBXFrameworksBuildPhase;
			buildActionMask = 2147483647;
			files = (
			);
			runOnlyForDeploymentPostprocessing = 0;
		};
/* End PBXFrameworksBuildPhase section */

/* Begin PBXGroup section */
		41DD5E1725996A6C00533965 = {
			isa = PBXGroup;
			children = (
				41DD5E2225996A6C00533965 /* multilingual */,
				41DD5E2125996A6C00533965 /* Products */,
			);
			sourceTree = "<group>";
		};
		41DD5E2125996A6C00533965 /* Products */ = {
			isa = PBXGroup;
			children = (
				41DD5E2025996A6C00533965 /* multilingual.app */,
			);
			name = Products;
			sourceTree = "<group>";
		};
		41DD5E2225996A6C00533965 /* multilingual */ = {
			isa = PBXGroup;
			children = (
				41DD5E48259977ED00533965 /* Utils */,
				41DD5E3425996FF800533965 /* Controller */,
				41DD5E2325996A6C00533965 /* AppDelegate.swift */,
				41DD5E2525996A6C00533965 /* ViewController.swift */,
				41DD5E2725996A6D00533965 /* Assets.xcassets */,
				41DD5E2925996A6D00533965 /* Main.storyboard */,
				41DD5E2C25996A6D00533965 /* Info.plist */,
				41DD5E2D25996A6D00533965 /* multilingual.entitlements */,
				41DD5E352599711600533965 /* Setting.plist */,
				41DD5E432599740F00533965 /* InfoPlist.strings */,
			);
			path = multilingual;
			sourceTree = "<group>";
		};
		41DD5E3425996FF800533965 /* Controller */ = {
			isa = PBXGroup;
			children = (
			);
			path = Controller;
			sourceTree = "<group>";
		};
		41DD5E48259977ED00533965 /* Utils */ = {
			isa = PBXGroup;
			children = (
				41DD5E492599782C00533965 /* SettingInfo.swift */,
				41DD5E5425997A3C00533965 /* SwitchLanguageUtil.swift */,
			);
			path = Utils;
			sourceTree = "<group>";
		};
/* End PBXGroup section */

/* Begin PBXNativeTarget section */
		41DD5E1F25996A6C00533965 /* multilingual */ = {
			isa = PBXNativeTarget;
			buildConfigurationList = 41DD5E3025996A6D00533965 /* Build configuration list for PBXNativeTarget "multilingual" */;
			buildPhases = (
				41DD5E1C25996A6C00533965 /* Sources */,
				41DD5E1D25996A6C00533965 /* Frameworks */,
				41DD5E1E25996A6C00533965 /* Resources */,
			);
			buildRules = (
			);
			dependencies = (
			);
			name = multilingual;
			productName = multilingual;
			productReference = 41DD5E2025996A6C00533965 /* multilingual.app */;
			productType = "com.apple.product-type.application";
		};
/* End PBXNativeTarget section */

/* Begin PBXProject section */
		41DD5E1825996A6C00533965 /* Project object */ = {
			isa = PBXProject;
			attributes = {
				LastSwiftUpdateCheck = 1200;
				LastUpgradeCheck = 1200;
				TargetAttributes = {
					41DD5E1F25996A6C00533965 = {
						CreatedOnToolsVersion = 12.0.1;
					};
				};
			};
			buildConfigurationList = 41DD5E1B25996A6C00533965 /* Build configuration list for PBXProject "multilingual" */;
			compatibilityVersion = "Xcode 9.3";
			developmentRegion = en;
			hasScannedForEncodings = 0;
			knownRegions = (
				en,
				Base,
				"zh-Hans",
				ja,
			);
			mainGroup = 41DD5E1725996A6C00533965;
			productRefGroup = 41DD5E2125996A6C00533965 /* Products */;
			projectDirPath = "";
			projectRoot = "";
			targets = (
				41DD5E1F25996A6C00533965 /* multilingual */,
			);
		};
/* End PBXProject section */

/* Begin PBXResourcesBuildPhase section */
		41DD5E1E25996A6C00533965 /* Resources */ = {
			isa = PBXResourcesBuildPhase;
			buildActionMask = 2147483647;
			files = (
				41DD5E2825996A6D00533965 /* Assets.xcassets in Resources */,
				41DD5E412599740F00533965 /* InfoPlist.strings in Resources */,
				41DD5E2B25996A6D00533965 /* Main.storyboard in Resources */,
				41DD5E362599711600533965 /* Setting.plist in Resources */,
			);
			runOnlyForDeploymentPostprocessing = 0;
		};
/* End PBXResourcesBuildPhase section */

/* Begin PBXSourcesBuildPhase section */
		41DD5E1C25996A6C00533965 /* Sources */ = {
			isa = PBXSourcesBuildPhase;
			buildActionMask = 2147483647;
			files = (
				41DD5E2625996A6C00533965 /* ViewController.swift in Sources */,
				41DD5E2425996A6C00533965 /* AppDelegate.swift in Sources */,
				41DD5E4A2599782C00533965 /* SettingInfo.swift in Sources */,
				41DD5E5525997A3C00533965 /* SwitchLanguageUtil.swift in Sources */,
			);
			runOnlyForDeploymentPostprocessing = 0;
		};
/* End PBXSourcesBuildPhase section */

/* Begin PBXVariantGroup section */
		41DD5E2925996A6D00533965 /* Main.storyboard */ = {
			isa = PBXVariantGroup;
			children = (
				41DD5E3D2599737A00533965 /* Base */,
				41FF9AEC259B35F5007D50C9 /* zh-Hans */,
				41FF9AED259B35FE007D50C9 /* ja */,
			);
			name = Main.storyboard;
			sourceTree = "<group>";
		};
		41DD5E432599740F00533965 /* InfoPlist.strings */ = {
			isa = PBXVariantGroup;
			children = (
				41DD5E422599740F00533965 /* en */,
				41FF9AEE259B361F007D50C9 /* zh-Hans */,
				41FF9AEF259B3622007D50C9 /* ja */,
			);
			name = InfoPlist.strings;
			sourceTree = "<group>";
		};
/* End PBXVariantGroup section */

/* Begin XCBuildConfiguration section */
		41DD5E2E25996A6D00533965 /* Debug */ = {
			isa = XCBuildConfiguration;
			buildSettings = {
				ALWAYS_SEARCH_USER_PATHS = NO;
				CLANG_ANALYZER_LOCALIZABILITY_NONLOCALIZED = YES;
				CLANG_ANALYZER_NONNULL = YES;
				CLANG_ANALYZER_NUMBER_OBJECT_CONVERSION = YES_AGGRESSIVE;
				CLANG_CXX_LANGUAGE_STANDARD = "gnu++14";
				CLANG_CXX_LIBRARY = "libc++";
				CLANG_ENABLE_MODULES = YES;
				CLANG_ENABLE_OBJC_ARC = YES;
				CLANG_ENABLE_OBJC_WEAK = YES;
				CLANG_WARN_BLOCK_CAPTURE_AUTORELEASING = YES;
				CLANG_WARN_BOOL_CONVERSION = YES;
				CLANG_WARN_COMMA = YES;
				CLANG_WARN_CONSTANT_CONVERSION = YES;
				CLANG_WARN_DEPRECATED_OBJC_IMPLEMENTATIONS = YES;
				CLANG_WARN_DIRECT_OBJC_ISA_USAGE = YES_ERROR;
				CLANG_WARN_DOCUMENTATION_COMMENTS = YES;
				CLANG_WARN_EMPTY_BODY = YES;
				CLANG_WARN_ENUM_CONVERSION = YES;
				CLANG_WARN_INFINITE_RECURSION = YES;
				CLANG_WARN_INT_CONVERSION = YES;
				CLANG_WARN_NON_LITERAL_NULL_CONVERSION = YES;
				CLANG_WARN_OBJC_IMPLICIT_RETAIN_SELF = YES;
				CLANG_WARN_OBJC_LITERAL_CONVERSION = YES;
				CLANG_WARN_OBJC_ROOT_CLASS = YES_ERROR;
				CLANG_WARN_QUOTED_INCLUDE_IN_FRAMEWORK_HEADER = YES;
				CLANG_WARN_RANGE_LOOP_ANALYSIS = YES;
				CLANG_WARN_STRICT_PROTOTYPES = YES;
				CLANG_WARN_SUSPICIOUS_MOVE = YES;
				CLANG_WARN_UNGUARDED_AVAILABILITY = YES_AGGRESSIVE;
				CLANG_WARN_UNREACHABLE_CODE = YES;
				CLANG_WARN__DUPLICATE_METHOD_MATCH = YES;
				COPY_PHASE_STRIP = NO;
				DEBUG_INFORMATION_FORMAT = dwarf;
				ENABLE_STRICT_OBJC_MSGSEND = YES;
				ENABLE_TESTABILITY = YES;
				GCC_C_LANGUAGE_STANDARD = gnu11;
				GCC_DYNAMIC_NO_PIC = NO;
				GCC_NO_COMMON_BLOCKS = YES;
				GCC_OPTIMIZATION_LEVEL = 0;
				GCC_PREPROCESSOR_DEFINITIONS = (
					"DEBUG=1",
					"$(inherited)",
				);
				GCC_WARN_64_TO_32_BIT_CONVERSION = YES;
				GCC_WARN_ABOUT_RETURN_TYPE = YES_ERROR;
				GCC_WARN_UNDECLARED_SELECTOR = YES;
				GCC_WARN_UNINITIALIZED_AUTOS = YES_AGGRESSIVE;
				GCC_WARN_UNUSED_FUNCTION = YES;
				GCC_WARN_UNUSED_VARIABLE = YES;
				MACOSX_DEPLOYMENT_TARGET = 10.15;
				MTL_ENABLE_DEBUG_INFO = INCLUDE_SOURCE;
				MTL_FAST_MATH = YES;
				ONLY_ACTIVE_ARCH = YES;
				SDKROOT = macosx;
				SWIFT_ACTIVE_COMPILATION_CONDITIONS = DEBUG;
				SWIFT_OPTIMIZATION_LEVEL = "-Onone";
			};
			name = Debug;
		};
		41DD5E2F25996A6D00533965 /* Release */ = {
			isa = XCBuildConfiguration;
			buildSettings = {
				ALWAYS_SEARCH_USER_PATHS = NO;
				CLANG_ANALYZER_LOCALIZABILITY_NONLOCALIZED = YES;
				CLANG_ANALYZER_NONNULL = YES;
				CLANG_ANALYZER_NUMBER_OBJECT_CONVERSION = YES_AGGRESSIVE;
				CLANG_CXX_LANGUAGE_STANDARD = "gnu++14";
				CLANG_CXX_LIBRARY = "libc++";
				CLANG_ENABLE_MODULES = YES;
				CLANG_ENABLE_OBJC_ARC = YES;
				CLANG_ENABLE_OBJC_WEAK = YES;
				CLANG_WARN_BLOCK_CAPTURE_AUTORELEASING = YES;
				CLANG_WARN_BOOL_CONVERSION = YES;
				CLANG_WARN_COMMA = YES;
				CLANG_WARN_CONSTANT_CONVERSION = YES;
				CLANG_WARN_DEPRECATED_OBJC_IMPLEMENTATIONS = YES;
				CLANG_WARN_DIRECT_OBJC_ISA_USAGE = YES_ERROR;
				CLANG_WARN_DOCUMENTATION_COMMENTS = YES;
				CLANG_WARN_EMPTY_BODY = YES;
				CLANG_WARN_ENUM_CONVERSION = YES;
				CLANG_WARN_INFINITE_RECURSION = YES;
				CLANG_WARN_INT_CONVERSION = YES;
				CLANG_WARN_NON_LITERAL_NULL_CONVERSION = YES;
				CLANG_WARN_OBJC_IMPLICIT_RETAIN_SELF = YES;
				CLANG_WARN_OBJC_LITERAL_CONVERSION = YES;
				CLANG_WARN_OBJC_ROOT_CLASS = YES_ERROR;
				CLANG_WARN_QUOTED_INCLUDE_IN_FRAMEWORK_HEADER = YES;
				CLANG_WARN_RANGE_LOOP_ANALYSIS = YES;
				CLANG_WARN_STRICT_PROTOTYPES = YES;
				CLANG_WARN_SUSPICIOUS_MOVE = YES;
				CLANG_WARN_UNGUARDED_AVAILABILITY = YES_AGGRESSIVE;
				CLANG_WARN_UNREACHABLE_CODE = YES;
				CLANG_WARN__DUPLICATE_METHOD_MATCH = YES;
				COPY_PHASE_STRIP = NO;
				DEBUG_INFORMATION_FORMAT = "dwarf-with-dsym";
				ENABLE_NS_ASSERTIONS = NO;
				ENABLE_STRICT_OBJC_MSGSEND = YES;
				GCC_C_LANGUAGE_STANDARD = gnu11;
				GCC_NO_COMMON_BLOCKS = YES;
				GCC_WARN_64_TO_32_BIT_CONVERSION = YES;
				GCC_WARN_ABOUT_RETURN_TYPE = YES_ERROR;
				GCC_WARN_UNDECLARED_SELECTOR = YES;
				GCC_WARN_UNINITIALIZED_AUTOS = YES_AGGRESSIVE;
				GCC_WARN_UNUSED_FUNCTION = YES;
				GCC_WARN_UNUSED_VARIABLE = YES;
				MACOSX_DEPLOYMENT_TARGET = 10.15;
				MTL_ENABLE_DEBUG_INFO = NO;
				MTL_FAST_MATH = YES;
				ONLY_ACTIVE_ARCH = YES;
				SDKROOT = macosx;
				SWIFT_COMPILATION_MODE = wholemodule;
				SWIFT_OPTIMIZATION_LEVEL = "-O";
			};
			name = Release;
		};
		41DD5E3125996A6D00533965 /* Debug */ = {
			isa = XCBuildConfiguration;
			buildSettings = {
				ASSETCATALOG_COMPILER_APPICON_NAME = AppIcon;
				ASSETCATALOG_COMPILER_GLOBAL_ACCENT_COLOR_NAME = AccentColor;
				CODE_SIGN_ENTITLEMENTS = multilingual/multilingual.entitlements;
				CODE_SIGN_STYLE = Automatic;
				COMBINE_HIDPI_IMAGES = YES;
				INFOPLIST_FILE = multilingual/Info.plist;
				LD_RUNPATH_SEARCH_PATHS = (
					"$(inherited)",
					"@executable_path/../Frameworks",
				);
				PRODUCT_BUNDLE_IDENTIFIER = com.jary.multilingual;
				PRODUCT_NAME = "$(TARGET_NAME)";
				SWIFT_VERSION = 5.0;
			};
			name = Debug;
		};
		41DD5E3225996A6D00533965 /* Release */ = {
			isa = XCBuildConfiguration;
			buildSettings = {
				ASSETCATALOG_COMPILER_APPICON_NAME = AppIcon;
				ASSETCATALOG_COMPILER_GLOBAL_ACCENT_COLOR_NAME = AccentColor;
				CODE_SIGN_ENTITLEMENTS = multilingual/multilingual.entitlements;
				CODE_SIGN_STYLE = Automatic;
				COMBINE_HIDPI_IMAGES = YES;
				INFOPLIST_FILE = multilingual/Info.plist;
				LD_RUNPATH_SEARCH_PATHS = (
					"$(inherited)",
					"@executable_path/../Frameworks",
				);
				PRODUCT_BUNDLE_IDENTIFIER = com.jary.multilingual;
				PRODUCT_NAME = "$(TARGET_NAME)";
				SWIFT_VERSION = 5.0;
			};
			name = Release;
		};
/* End XCBuildConfiguration section */

/* Begin XCConfigurationList section */
		41DD5E1B25996A6C00533965 /* Build configuration list for PBXProject "multilingual" */ = {
			isa = XCConfigurationList;
			buildConfigurations = (
				41DD5E2E25996A6D00533965 /* Debug */,
				41DD5E2F25996A6D00533965 /* Release */,
			);
			defaultConfigurationIsVisible = 0;
			defaultConfigurationName = Release;
		};
		41DD5E3025996A6D00533965 /* Build configuration list for PBXNativeTarget "multilingual" */ = {
			isa = XCConfigurationList;
			buildConfigurations = (
				41DD5E3125996A6D00533965 /* Debug */,
				41DD5E3225996A6D00533965 /* Release */,
			);
			defaultConfigurationIsVisible = 0;
			defaultConfigurationName = Release;
		};
/* End XCConfigurationList section */
	};
	rootObject = 41DD5E1825996A6C00533965 /* Project object */;
}
